<?xml version="1.0" encoding="utf-8"?>
<Project ToolsVersion="4.0" xmlns="http://schemas.microsoft.com/developer/msbuild/2003">
  <ItemGroup>
    <Filter Include="Source Files">
      <UniqueIdentifier>{4FC737F1-C7A5-4376-A066-2A32D752A2FF}</UniqueIdentifier>
      <Extensions>cpp;c;cc;cxx;c++;cppm;ixx;def;odl;idl;hpj;bat;asm;asmx</Extensions>
    </Filter>
    <Filter Include="Header Files">
      <UniqueIdentifier>{93995380-89BD-4b04-88EB-625FBE52EBFB}</UniqueIdentifier>
      <Extensions>h;hh;hpp;hxx;h++;hm;inl;inc;ipp;xsd</Extensions>
    </Filter>
    <Filter Include="Resource Files">
      <UniqueIdentifier>{67DA6AB6-F800-4c08-8B7A-83BB121AAD01}</UniqueIdentifier>
      <Extensions>rc;ico;cur;bmp;dlg;rc2;rct;bin;rgs;gif;jpg;jpeg;jpe;resx;tiff;tif;png;wav;mfcribbon-ms</Extensions>
    </Filter>
  </ItemGroup>
  <ItemGroup>
    <ClInclude Include="common\exports.h">
      <Filter>Header Files</Filter>
    </ClInclude>
    <ClInclude Include="common\secure-string.h">
      <Filter>Header Files</Filter>
    </ClInclude>
    <ClInclude Include="common\defs.h">
      <Filter>Header Files</Filter>
    </ClInclude>
    <ClInclude Include="common\secure-string-access.h">
      <Filter>Header Files</Filter>
    </ClInclude>
    <ClInclude Include="common\com-manager.h">
      <Filter>Header Files</Filter>
    </ClInclude>
    <ClInclude Include="common\com-exception.h">
      <Filter>Header Files</Filter>
    </ClInclude>
    <ClInclude Include="management\management-resource.h">
      <Filter>Header Files</Filter>
    </ClInclude>
    <ClInclude Include="management\management-query-processor.h">
      <Filter>Header Files</Filter>
    </ClInclude>
    <ClInclude Include="management\enumeration-options.h">
      <Filter>Header Files</Filter>
    </ClInclude>
    <ClInclude Include="common\non-copyable.h">
      <Filter>Header Files</Filter>
    </ClInclude>
    <ClInclude Include="management\management-query-stream.h">
      <Filter>Header Files</Filter>
    </ClInclude>
    <ClInclude Include="management\management-object.h">
      <Filter>Header Files</Filter>
    </ClInclude>
    <ClInclude Include="management\management-query-iterator.h">
      <Filter>Header Files</Filter>
    </ClInclude>
    <ClInclude Include="common\variant.h">
      <Filter>Header Files</Filter>
    </ClInclude>
    <ClInclude Include="common\basic-string.h">
      <Filter>Header Files</Filter>
    </ClInclude>
    <ClInclude Include="management\management-mapping.h">
      <Filter>Header Files</Filter>
    </ClInclude>
    <ClInclude Include="management\internal\management-object-proxy.h">
      <Filter>Header Files</Filter>
    </ClInclude>
    <ClInclude Include="management\management-event-bus.h">
      <Filter>Header Files</Filter>
    </ClInclude>
    <ClInclude Include="management\management-event-sink-adapter.h">
      <Filter>Header Files</Filter>
    </ClInclude>
    <ClInclude Include="management\management-subscription-token.h">
      <Filter>Header Files</Filter>
    </ClInclude>
  </ItemGroup>
  <ItemGroup>
    <ClCompile Include="common\secure-string.cc">
      <Filter>Source Files</Filter>
    </ClCompile>
    <ClCompile Include="common\secure-string-access.cc">
      <Filter>Source Files</Filter>
    </ClCompile>
    <ClCompile Include="common\com-manager.cc">
      <Filter>Source Files</Filter>
    </ClCompile>
    <ClCompile Include="management\management-resource.cc">
      <Filter>Source Files</Filter>
    </ClCompile>
    <ClCompile Include="management\management-query-processor.cc">
      <Filter>Source Files</Filter>
    </ClCompile>
    <ClCompile Include="management\management-object.cc">
      <Filter>Source Files</Filter>
    </ClCompile>
    <ClCompile Include="management\management-event-bus.cc">
      <Filter>Source Files</Filter>
    </ClCompile>
    <ClCompile Include="management\management-event-sink-adapter.cc">
      <Filter>Source Files</Filter>
    </ClCompile>
    <ClCompile Include="management\management-subscription-token.cc">
      <Filter>Source Files</Filter>
    </ClCompile>
    <ClCompile Include="common\variant.cc">
      <Filter>Source Files</Filter>
    </ClCompile>
  </ItemGroup>
</Project>