
Microsoft Visual Studio Solution File, Format Version 12.00
# Visual Studio Version 17
VisualStudioVersion = 17.10.34916.146
MinimumVisualStudioVersion = 10.0.40219.1
Project("{8BC9CEB8-8B4A-11D0-8D11-00A0C91BC942}") = "wmi", "sources\wmi\wmi.vcxproj", "{8E1B48E0-433A-45CE-8DB2-1618F3D74847}"
EndProject
Project("{8BC9CEB8-8B4A-11D0-8D11-00A0C91BC942}") = "sandbox", "sources\sandbox\sandbox.vcxproj", "{195B4751-9549-40E2-AEBA-CA6334AA0318}"
EndProject
Global
	GlobalSection(SolutionConfigurationPlatforms) = preSolution
		Debug|x64 = Debug|x64
		Debug|x86 = Debug|x86
		Release|x64 = Release|x64
		Release|x86 = Release|x86
	EndGlobalSection
	GlobalSection(ProjectConfigurationPlatforms) = postSolution
		{8E1B48E0-433A-45CE-8DB2-1618F3D74847}.Debug|x64.ActiveCfg = Debug|x64
		{8E1B48E0-433A-45CE-8DB2-1618F3D74847}.Debug|x64.Build.0 = Debug|x64
		{8E1B48E0-433A-45CE-8DB2-1618F3D74847}.Debug|x86.ActiveCfg = Debug|Win32
		{8E1B48E0-433A-45CE-8DB2-1618F3D74847}.Debug|x86.Build.0 = Debug|Win32
		{8E1B48E0-433A-45CE-8DB2-1618F3D74847}.Release|x64.ActiveCfg = Release|x64
		{8E1B48E0-433A-45CE-8DB2-1618F3D74847}.Release|x64.Build.0 = Release|x64
		{8E1B48E0-433A-45CE-8DB2-1618F3D74847}.Release|x86.ActiveCfg = Release|Win32
		{8E1B48E0-433A-45CE-8DB2-1618F3D74847}.Release|x86.Build.0 = Release|Win32
		{195B4751-9549-40E2-AEBA-CA6334AA0318}.Debug|x64.ActiveCfg = Debug|x64
		{195B4751-9549-40E2-AEBA-CA6334AA0318}.Debug|x64.Build.0 = Debug|x64
		{195B4751-9549-40E2-AEBA-CA6334AA0318}.Debug|x86.ActiveCfg = Debug|Win32
		{195B4751-9549-40E2-AEBA-CA6334AA0318}.Debug|x86.Build.0 = Debug|Win32
		{195B4751-9549-40E2-AEBA-CA6334AA0318}.Release|x64.ActiveCfg = Release|x64
		{195B4751-9549-40E2-AEBA-CA6334AA0318}.Release|x64.Build.0 = Release|x64
		{195B4751-9549-40E2-AEBA-CA6334AA0318}.Release|x86.ActiveCfg = Release|Win32
		{195B4751-9549-40E2-AEBA-CA6334AA0318}.Release|x86.Build.0 = Release|Win32
	EndGlobalSection
	GlobalSection(SolutionProperties) = preSolution
		HideSolutionNode = FALSE
	EndGlobalSection
	GlobalSection(ExtensibilityGlobals) = postSolution
		SolutionGuid = {79892B70-E1E4-4884-ACCF-AF6EFC90E8E0}
	EndGlobalSection
EndGlobal
